
Microsoft Visual Studio Solution File, Format Version 12.00
# Visual Studio Version 16
VisualStudioVersion = 16.0.31829.152
MinimumVisualStudioVersion = 10.0.40219.1
Project("{FAE04EC0-301F-11D3-BF4B-00C04F79EFBC}") = "CDSviewerDNN", "CDSviewerDNN.csproj", "{1E1DB414-AF24-4936-AE8E-8F8009CAD196}"
EndProject
Project("{9A19103F-16F7-4668-BE54-9A1E7A4F7556}") = "CDScomm", "..\..\Utils\CDScomm\.Netstandard\CDScomm\CDScomm.csproj", "{724E0D90-A411-45F4-A742-087BFEAFB3AD}"
EndProject
Global
	GlobalSection(SolutionConfigurationPlatforms) = preSolution
		Debug|Any CPU = Debug|Any CPU
		Release|Any CPU = Release|Any CPU
	EndGlobalSection
	GlobalSection(ProjectConfigurationPlatforms) = postSolution
		{1E1DB414-AF24-4936-AE8E-8F8009CAD196}.Debug|Any CPU.ActiveCfg = Debug|Any CPU
		{1E1DB414-AF24-4936-AE8E-8F8009CAD196}.Debug|Any CPU.Build.0 = Debug|Any CPU
		{1E1DB414-AF24-4936-AE8E-8F8009CAD196}.Release|Any CPU.ActiveCfg = Release|Any CPU
		{1E1DB414-AF24-4936-AE8E-8F8009CAD196}.Release|Any CPU.Build.0 = Release|Any CPU
		{724E0D90-A411-45F4-A742-087BFEAFB3AD}.Debug|Any CPU.ActiveCfg = Debug|Any CPU
		{724E0D90-A411-45F4-A742-087BFEAFB3AD}.Debug|Any CPU.Build.0 = Debug|Any CPU
		{724E0D90-A411-45F4-A742-087BFEAFB3AD}.Release|Any CPU.ActiveCfg = Release|Any CPU
		{724E0D90-A411-45F4-A742-087BFEAFB3AD}.Release|Any CPU.Build.0 = Release|Any CPU
	EndGlobalSection
	GlobalSection(SolutionProperties) = preSolution
		HideSolutionNode = FALSE
	EndGlobalSection
	GlobalSection(ExtensibilityGlobals) = postSolution
		SolutionGuid = {E2E65086-0CD4-43A1-9796-549AB78A388F}
	EndGlobalSection
EndGlobal
